PODS:
  - Alamofire (4.5.0)
  - HandyJSON (1.7.2)
  - Ji (2.0.1):
    - Ji/Ji (= 2.0.1)
  - Ji/Ji (2.0.1):
    - Ji/Ji-libxml
  - Ji/Ji-libxml (2.0.1)
  - Kingfisher (3.12.2)
  - Moya/Core (8.0.5):
    - Alamofire (~> 4.1)
    - Result (~> 3.0)
  - Moya/RxSwift (8.0.5):
    - Moya/Core
    - RxSwift (~> 3.0)
  - Result (3.2.3)
  - RxCocoa (3.6.1):
    - RxSwift (~> 3.6)
  - RxDataSources (1.0.4):
    - RxCocoa (~> 3.0)
    - RxSwift (~> 3.0)
  - RxSwift (3.6.1)
  - Then (2.1.0)

DEPENDENCIES:
  - Alamofire
  - HandyJSON
  - Ji
  - Kingfisher
  - Moya/RxSwift (~> 8.0.0)
  - RxDataSources (~> 1.0)
  - RxSwift
  - Then

SPEC CHECKSUMS:
  Alamofire: f28cdffd29de33a7bfa022cbd63ae95a27fae140
  HandyJSON: e7ad0483005826baba1d1c251cd98d0aa8bd8cce
  Ji: 6bb602a28dd08b804158f64990e6051ed5de0110
  Kingfisher: 320626678acadfcf47008b3c6841cd882050737b
  Moya: c37eec09a098ba9991b5a963b291fc5704bdb9ef
  Result: 128640a6347e8d2ae48b142556739a2d13f90ce6
  RxCocoa: 84a08739ab186248c7f31ce4ee92d6f8a947d690
  RxDataSources: b3389acc5fe2eefb8fcd81a2b76a876ad08bc82a
  RxSwift: f9de85ea20cd2f7716ee5409fc13523dc638e4e4
  Then: 8496793c8fcac95482b943909b440724c7d8d82c

PODFILE CHECKSUM: 569ec7efe090109e8be4580dde0a99054decfd5b

COCOAPODS: 1.2.1
