// !$*UTF8*$!
{
	archiveVersion = 1;
	classes = {
	};
	objectVersion = 46;
	objects = {

/* Begin PBXBuildFile section */
		38473A771F63FA8900E1A4C5 /* CaculateViewController.swift in Sources */ = {isa = PBXBuildFile; fileRef = 38473A761F63FA8900E1A4C5 /* CaculateViewController.swift */; };
		3895BB9C1F5D7EB3005E6687 /* Podfile in Resources */ = {isa = PBXBuildFile; fileRef = 3895BB9B1F5D7EB3005E6687 /* Podfile */; };
		38CA5F451F5D7F12008EB9EB /* AppDelegate.swift in Sources */ = {isa = PBXBuildFile; fileRef = 38CA5F341F5D7F12008EB9EB /* AppDelegate.swift */; };
		38CA5F471F5D7F12008EB9EB /* Assets.xcassets in Resources */ = {isa = PBXBuildFile; fileRef = 38CA5F401F5D7F12008EB9EB /* Assets.xcassets */; };
		38CA5F481F5D7F12008EB9EB /* LaunchScreen.storyboard in Resources */ = {isa = PBXBuildFile; fileRef = 38CA5F411F5D7F12008EB9EB /* LaunchScreen.storyboard */; };
		38CA5F491F5D7F12008EB9EB /* Main.storyboard in Resources */ = {isa = PBXBuildFile; fileRef = 38CA5F431F5D7F12008EB9EB /* Main.storyboard */; };
		7A5212C3B2185B43A4F24F88 /* Pods_NovelReader.framework in Frameworks */ = {isa = PBXBuildFile; fileRef = 9160B5576B80055ECABE67E0 /* Pods_NovelReader.framework */; };
		F258FCBE1F622D2C0030E9D0 /* TimeViewModel.swift in Sources */ = {isa = PBXBuildFile; fileRef = F258FCBD1F622D2C0030E9D0 /* TimeViewModel.swift */; };
		F258FCC01F622D370030E9D0 /* ViewModelType.swift in Sources */ = {isa = PBXBuildFile; fileRef = F258FCBF1F622D370030E9D0 /* ViewModelType.swift */; };
		F258FCC21F62418F0030E9D0 /* Protocol.swift in Sources */ = {isa = PBXBuildFile; fileRef = F258FCC11F62418F0030E9D0 /* Protocol.swift */; };
		F295A83C1F60F85F00B2DC66 /* LoginViewController.swift in Sources */ = {isa = PBXBuildFile; fileRef = F295A83B1F60F85F00B2DC66 /* LoginViewController.swift */; };
		F295A8421F610E8700B2DC66 /* RegisterViewController.swift in Sources */ = {isa = PBXBuildFile; fileRef = F295A8411F610E8700B2DC66 /* RegisterViewController.swift */; };
		F295A8441F61111500B2DC66 /* RegisterViewModel.swift in Sources */ = {isa = PBXBuildFile; fileRef = F295A8431F61111500B2DC66 /* RegisterViewModel.swift */; };
		F295A8461F6112A000B2DC66 /* ValidationService.swift in Sources */ = {isa = PBXBuildFile; fileRef = F295A8451F6112A000B2DC66 /* ValidationService.swift */; };
		F29762C31F5E7D570046787B /* RoomListTableViewController.swift in Sources */ = {isa = PBXBuildFile; fileRef = F29762C21F5E7D570046787B /* RoomListTableViewController.swift */; };
		F29762C51F5E7D740046787B /* RoomListViewModel.swift in Sources */ = {isa = PBXBuildFile; fileRef = F29762C41F5E7D740046787B /* RoomListViewModel.swift */; };
		F29762C71F5E7D860046787B /* RoomModel.swift in Sources */ = {isa = PBXBuildFile; fileRef = F29762C61F5E7D860046787B /* RoomModel.swift */; };
		F2A0776B1F5E491900A368AC /* Const.swift in Sources */ = {isa = PBXBuildFile; fileRef = F2A0776A1F5E491900A368AC /* Const.swift */; };
		F2A077701F5E494700A368AC /* Notification.swift in Sources */ = {isa = PBXBuildFile; fileRef = F2A0776F1F5E494700A368AC /* Notification.swift */; };
		F2A077751F5E4D3F00A368AC /* NetApi.swift in Sources */ = {isa = PBXBuildFile; fileRef = F2A077741F5E4D3F00A368AC /* NetApi.swift */; };
		F2CFF1631F61208E0042BB71 /* TimeViewController.swift in Sources */ = {isa = PBXBuildFile; fileRef = F2CFF1621F61208E0042BB71 /* TimeViewController.swift */; };
/* End PBXBuildFile section */

/* Begin PBXFileReference section */
		38473A761F63FA8900E1A4C5 /* CaculateViewController.swift */ = {isa = PBXFileReference; lastKnownFileType = sourcecode.swift; path = CaculateViewController.swift; sourceTree = "<group>"; };
		3895BB861F5D7EA5005E6687 /* NovelReader.app */ = {isa = PBXFileReference; explicitFileType = wrapper.application; includeInIndex = 0; path = NovelReader.app; sourceTree = BUILT_PRODUCTS_DIR; };
		3895BB9B1F5D7EB3005E6687 /* Podfile */ = {isa = PBXFileReference; fileEncoding = 4; lastKnownFileType = text; path = Podfile; sourceTree = "<group>"; xcLanguageSpecificationIdentifier = xcode.lang.ruby; };
		38CA5F341F5D7F12008EB9EB /* AppDelegate.swift */ = {isa = PBXFileReference; fileEncoding = 4; lastKnownFileType = sourcecode.swift; path = AppDelegate.swift; sourceTree = "<group>"; };
		38CA5F351F5D7F12008EB9EB /* Info.plist */ = {isa = PBXFileReference; fileEncoding = 4; lastKnownFileType = text.plist.xml; path = Info.plist; sourceTree = "<group>"; };
		38CA5F401F5D7F12008EB9EB /* Assets.xcassets */ = {isa = PBXFileReference; lastKnownFileType = folder.assetcatalog; path = Assets.xcassets; sourceTree = "<group>"; };
		38CA5F421F5D7F12008EB9EB /* Base */ = {isa = PBXFileReference; lastKnownFileType = file.storyboard; name = Base; path = Base.lproj/LaunchScreen.storyboard; sourceTree = "<group>"; };
		38CA5F441F5D7F12008EB9EB /* Base */ = {isa = PBXFileReference; lastKnownFileType = file.storyboard; name = Base; path = Base.lproj/Main.storyboard; sourceTree = "<group>"; };
		9160B5576B80055ECABE67E0 /* Pods_NovelReader.framework */ = {isa = PBXFileReference; explicitFileType = wrapper.framework; includeInIndex = 0; path = Pods_NovelReader.framework; sourceTree = BUILT_PRODUCTS_DIR; };
		9283EDBB36AA7F5DBE2D900D /* Pods-NovelReader.debug.xcconfig */ = {isa = PBXFileReference; includeInIndex = 1; lastKnownFileType = text.xcconfig; name = "Pods-NovelReader.debug.xcconfig"; path = "Pods/Target Support Files/Pods-NovelReader/Pods-NovelReader.debug.xcconfig"; sourceTree = "<group>"; };
		F258FCBD1F622D2C0030E9D0 /* TimeViewModel.swift */ = {isa = PBXFileReference; fileEncoding = 4; lastKnownFileType = sourcecode.swift; path = TimeViewModel.swift; sourceTree = "<group>"; };
		F258FCBF1F622D370030E9D0 /* ViewModelType.swift */ = {isa = PBXFileReference; fileEncoding = 4; lastKnownFileType = sourcecode.swift; path = ViewModelType.swift; sourceTree = "<group>"; };
		F258FCC11F62418F0030E9D0 /* Protocol.swift */ = {isa = PBXFileReference; fileEncoding = 4; lastKnownFileType = sourcecode.swift; path = Protocol.swift; sourceTree = "<group>"; };
		F295A83B1F60F85F00B2DC66 /* LoginViewController.swift */ = {isa = PBXFileReference; fileEncoding = 4; lastKnownFileType = sourcecode.swift; path = LoginViewController.swift; sourceTree = "<group>"; };
		F295A8411F610E8700B2DC66 /* RegisterViewController.swift */ = {isa = PBXFileReference; fileEncoding = 4; lastKnownFileType = sourcecode.swift; path = RegisterViewController.swift; sourceTree = "<group>"; };
		F295A8431F61111500B2DC66 /* RegisterViewModel.swift */ = {isa = PBXFileReference; fileEncoding = 4; lastKnownFileType = sourcecode.swift; path = RegisterViewModel.swift; sourceTree = "<group>"; };
		F295A8451F6112A000B2DC66 /* ValidationService.swift */ = {isa = PBXFileReference; fileEncoding = 4; lastKnownFileType = sourcecode.swift; path = ValidationService.swift; sourceTree = "<group>"; };
		F29762C21F5E7D570046787B /* RoomListTableViewController.swift */ = {isa = PBXFileReference; fileEncoding = 4; lastKnownFileType = sourcecode.swift; path = RoomListTableViewController.swift; sourceTree = "<group>"; };
		F29762C41F5E7D740046787B /* RoomListViewModel.swift */ = {isa = PBXFileReference; fileEncoding = 4; lastKnownFileType = sourcecode.swift; path = RoomListViewModel.swift; sourceTree = "<group>"; };
		F29762C61F5E7D860046787B /* RoomModel.swift */ = {isa = PBXFileReference; fileEncoding = 4; lastKnownFileType = sourcecode.swift; path = RoomModel.swift; sourceTree = "<group>"; };
		F2A0776A1F5E491900A368AC /* Const.swift */ = {isa = PBXFileReference; fileEncoding = 4; lastKnownFileType = sourcecode.swift; path = Const.swift; sourceTree = "<group>"; };
		F2A0776C1F5E493000A368AC /* NovelReader-Bridging-Header.h */ = {isa = PBXFileReference; lastKnownFileType = sourcecode.c.h; path = "NovelReader-Bridging-Header.h"; sourceTree = "<group>"; };
		F2A0776F1F5E494700A368AC /* Notification.swift */ = {isa = PBXFileReference; fileEncoding = 4; lastKnownFileType = sourcecode.swift; path = Notification.swift; sourceTree = "<group>"; };
		F2A077741F5E4D3F00A368AC /* NetApi.swift */ = {isa = PBXFileReference; fileEncoding = 4; lastKnownFileType = sourcecode.swift; path = NetApi.swift; sourceTree = "<group>"; };
		F2CFF1621F61208E0042BB71 /* TimeViewController.swift */ = {isa = PBXFileReference; fileEncoding = 4; lastKnownFileType = sourcecode.swift; path = TimeViewController.swift; sourceTree = "<group>"; };
		FC1549D0387815F91FCE672A /* Pods-NovelReader.release.xcconfig */ = {isa = PBXFileReference; includeInIndex = 1; lastKnownFileType = text.xcconfig; name = "Pods-NovelReader.release.xcconfig"; path = "Pods/Target Support Files/Pods-NovelReader/Pods-NovelReader.release.xcconfig"; sourceTree = "<group>"; };
/* End PBXFileReference section */

/* Begin PBXFrameworksBuildPhase section */
		3895BB831F5D7EA5005E6687 /* Frameworks */ = {
			isa = PBXFrameworksBuildPhase;
			buildActionMask = 2147483647;
			files = (
				7A5212C3B2185B43A4F24F88 /* Pods_NovelReader.framework in Frameworks */,
			);
			runOnlyForDeploymentPostprocessing = 0;
		};
/* End PBXFrameworksBuildPhase section */

/* Begin PBXGroup section */
		1FB4A4390365A30B692F4C0F /* Frameworks */ = {
			isa = PBXGroup;
			children = (
				9160B5576B80055ECABE67E0 /* Pods_NovelReader.framework */,
			);
			name = Frameworks;
			sourceTree = "<group>";
		};
		38473A731F63FA6E00E1A4C5 /* Caculate(计算) */ = {
			isa = PBXGroup;
			children = (
				38473A741F63FA6E00E1A4C5 /* View */,
			);
			path = "Caculate(计算)";
			sourceTree = "<group>";
		};
		38473A741F63FA6E00E1A4C5 /* View */ = {
			isa = PBXGroup;
			children = (
				38473A761F63FA8900E1A4C5 /* CaculateViewController.swift */,
			);
			path = View;
			sourceTree = "<group>";
		};
		3895BB7D1F5D7EA5005E6687 = {
			isa = PBXGroup;
			children = (
				3895BB9B1F5D7EB3005E6687 /* Podfile */,
				3895BB881F5D7EA5005E6687 /* NovelReader */,
				3895BB871F5D7EA5005E6687 /* Products */,
				AA0F2FC6B3390A4590BF83F2 /* Pods */,
				1FB4A4390365A30B692F4C0F /* Frameworks */,
			);
			sourceTree = "<group>";
		};
		3895BB871F5D7EA5005E6687 /* Products */ = {
			isa = PBXGroup;
			children = (
				3895BB861F5D7EA5005E6687 /* NovelReader.app */,
			);
			name = Products;
			sourceTree = "<group>";
		};
		3895BB881F5D7EA5005E6687 /* NovelReader */ = {
			isa = PBXGroup;
			children = (
				F29762BD1F5E7D280046787B /* Feature(模块) */,
				38CA5F321F5D7F12008EB9EB /* Common(全局) */,
				38CA5F3F1F5D7F12008EB9EB /* Resource(资源) */,
			);
			path = NovelReader;
			sourceTree = "<group>";
		};
		38CA5F321F5D7F12008EB9EB /* Common(全局) */ = {
			isa = PBXGroup;
			children = (
				F2A077711F5E4CF000A368AC /* Service(服务) */,
				F2A077651F5E486500A368AC /* Config(配置) */,
				38CA5F331F5D7F12008EB9EB /* Entrance(入口) */,
			);
			path = "Common(全局)";
			sourceTree = "<group>";
		};
		38CA5F331F5D7F12008EB9EB /* Entrance(入口) */ = {
			isa = PBXGroup;
			children = (
				38CA5F341F5D7F12008EB9EB /* AppDelegate.swift */,
				38CA5F351F5D7F12008EB9EB /* Info.plist */,
			);
			path = "Entrance(入口)";
			sourceTree = "<group>";
		};
		38CA5F3F1F5D7F12008EB9EB /* Resource(资源) */ = {
			isa = PBXGroup;
			children = (
				38CA5F401F5D7F12008EB9EB /* Assets.xcassets */,
				38CA5F411F5D7F12008EB9EB /* LaunchScreen.storyboard */,
				38CA5F431F5D7F12008EB9EB /* Main.storyboard */,
			);
			path = "Resource(资源)";
			sourceTree = "<group>";
		};
		AA0F2FC6B3390A4590BF83F2 /* Pods */ = {
			isa = PBXGroup;
			children = (
				9283EDBB36AA7F5DBE2D900D /* Pods-NovelReader.debug.xcconfig */,
				FC1549D0387815F91FCE672A /* Pods-NovelReader.release.xcconfig */,
			);
			name = Pods;
			sourceTree = "<group>";
		};
		F295A8351F60F80300B2DC66 /* Login(登录) */ = {
			isa = PBXGroup;
			children = (
				F295A8361F60F80300B2DC66 /* Model */,
				F295A8371F60F80300B2DC66 /* View */,
				F295A8381F60F80300B2DC66 /* ViewModel */,
			);
			path = "Login(登录)";
			sourceTree = "<group>";
		};
		F295A8361F60F80300B2DC66 /* Model */ = {
			isa = PBXGroup;
			children = (
			);
			path = Model;
			sourceTree = "<group>";
		};
		F295A8371F60F80300B2DC66 /* View */ = {
			isa = PBXGroup;
			children = (
				F295A83B1F60F85F00B2DC66 /* LoginViewController.swift */,
			);
			path = View;
			sourceTree = "<group>";
		};
		F295A8381F60F80300B2DC66 /* ViewModel */ = {
			isa = PBXGroup;
			children = (
			);
			path = ViewModel;
			sourceTree = "<group>";
		};
		F295A83D1F610E7A00B2DC66 /* Register(注册) */ = {
			isa = PBXGroup;
			children = (
				F295A83F1F610E7A00B2DC66 /* View */,
				F295A8401F610E7A00B2DC66 /* ViewModel */,
			);
			path = "Register(注册)";
			sourceTree = "<group>";
		};
		F295A83F1F610E7A00B2DC66 /* View */ = {
			isa = PBXGroup;
			children = (
				F295A8411F610E8700B2DC66 /* RegisterViewController.swift */,
			);
			path = View;
			sourceTree = "<group>";
		};
		F295A8401F610E7A00B2DC66 /* ViewModel */ = {
			isa = PBXGroup;
			children = (
				F295A8431F61111500B2DC66 /* RegisterViewModel.swift */,
			);
			path = ViewModel;
			sourceTree = "<group>";
		};
		F29762BD1F5E7D280046787B /* Feature(模块) */ = {
			isa = PBXGroup;
			children = (
				38473A731F63FA6E00E1A4C5 /* Caculate(计算) */,
				F2CFF15E1F61207C0042BB71 /* Time(时间) */,
				F295A83D1F610E7A00B2DC66 /* Register(注册) */,
				F295A8351F60F80300B2DC66 /* Login(登录) */,
				F29762BE1F5E7D280046787B /* Home(首页) */,
			);
			path = "Feature(模块)";
			sourceTree = "<group>";
		};
		F29762BE1F5E7D280046787B /* Home(首页) */ = {
			isa = PBXGroup;
			children = (
				F29762BF1F5E7D280046787B /* Model */,
				F29762C01F5E7D280046787B /* View */,
				F29762C11F5E7D280046787B /* ViewModel */,
			);
			path = "Home(首页)";
			sourceTree = "<group>";
		};
		F29762BF1F5E7D280046787B /* Model */ = {
			isa = PBXGroup;
			children = (
				F29762C61F5E7D860046787B /* RoomModel.swift */,
			);
			path = Model;
			sourceTree = "<group>";
		};
		F29762C01F5E7D280046787B /* View */ = {
			isa = PBXGroup;
			children = (
				F29762C21F5E7D570046787B /* RoomListTableViewController.swift */,
			);
			path = View;
			sourceTree = "<group>";
		};
		F29762C11F5E7D280046787B /* ViewModel */ = {
			isa = PBXGroup;
			children = (
				F29762C41F5E7D740046787B /* RoomListViewModel.swift */,
			);
			path = ViewModel;
			sourceTree = "<group>";
		};
		F2A077651F5E486500A368AC /* Config(配置) */ = {
			isa = PBXGroup;
			children = (
				F2A0776A1F5E491900A368AC /* Const.swift */,
				F2A0776F1F5E494700A368AC /* Notification.swift */,
				F2A0776C1F5E493000A368AC /* NovelReader-Bridging-Header.h */,
			);
			path = "Config(配置)";
			sourceTree = "<group>";
		};
		F2A077711F5E4CF000A368AC /* Service(服务) */ = {
			isa = PBXGroup;
			children = (
				F2A077741F5E4D3F00A368AC /* NetApi.swift */,
				F295A8451F6112A000B2DC66 /* ValidationService.swift */,
				F258FCC11F62418F0030E9D0 /* Protocol.swift */,
			);
			path = "Service(服务)";
			sourceTree = "<group>";
		};
		F2CFF15E1F61207C0042BB71 /* Time(时间) */ = {
			isa = PBXGroup;
			children = (
				F2CFF15F1F61207C0042BB71 /* Model */,
				F2CFF1601F61207C0042BB71 /* View */,
				F2CFF1611F61207C0042BB71 /* ViewModel */,
			);
			path = "Time(时间)";
			sourceTree = "<group>";
		};
		F2CFF15F1F61207C0042BB71 /* Model */ = {
			isa = PBXGroup;
			children = (
			);
			path = Model;
			sourceTree = "<group>";
		};
		F2CFF1601F61207C0042BB71 /* View */ = {
			isa = PBXGroup;
			children = (
				F2CFF1621F61208E0042BB71 /* TimeViewController.swift */,
			);
			path = View;
			sourceTree = "<group>";
		};
		F2CFF1611F61207C0042BB71 /* ViewModel */ = {
			isa = PBXGroup;
			children = (
				F258FCBD1F622D2C0030E9D0 /* TimeViewModel.swift */,
				F258FCBF1F622D370030E9D0 /* ViewModelType.swift */,
			);
			path = ViewModel;
			sourceTree = "<group>";
		};
/* End PBXGroup section */

/* Begin PBXNativeTarget section */
		3895BB851F5D7EA5005E6687 /* NovelReader */ = {
			isa = PBXNativeTarget;
			buildConfigurationList = 3895BB981F5D7EA5005E6687 /* Build configuration list for PBXNativeTarget "NovelReader" */;
			buildPhases = (
				9F5AA61D28C56E4B4A4575DE /* [CP] Check Pods Manifest.lock */,
				3895BB821F5D7EA5005E6687 /* Sources */,
				3895BB831F5D7EA5005E6687 /* Frameworks */,
				3895BB841F5D7EA5005E6687 /* Resources */,
				D9037E5F8DAA41EEFC728E75 /* [CP] Embed Pods Frameworks */,
				6A9750E3BA5193AC51EB597E /* [CP] Copy Pods Resources */,
			);
			buildRules = (
			);
			dependencies = (
			);
			name = NovelReader;
			productName = NovelReader;
			productReference = 3895BB861F5D7EA5005E6687 /* NovelReader.app */;
			productType = "com.apple.product-type.application";
		};
/* End PBXNativeTarget section */

/* Begin PBXProject section */
		3895BB7E1F5D7EA5005E6687 /* Project object */ = {
			isa = PBXProject;
			attributes = {
				LastSwiftUpdateCheck = 0810;
				LastUpgradeCheck = 0820;
				ORGANIZATIONNAME = Zj;
				TargetAttributes = {
					3895BB851F5D7EA5005E6687 = {
						CreatedOnToolsVersion = 8.1;
						DevelopmentTeam = 2DEDNW2H7U;
						LastSwiftMigration = 0820;
						ProvisioningStyle = Automatic;
					};
				};
			};
			buildConfigurationList = 3895BB811F5D7EA5005E6687 /* Build configuration list for PBXProject "NovelReader" */;
			compatibilityVersion = "Xcode 3.2";
			developmentRegion = English;
			hasScannedForEncodings = 0;
			knownRegions = (
				en,
				Base,
			);
			mainGroup = 3895BB7D1F5D7EA5005E6687;
			productRefGroup = 3895BB871F5D7EA5005E6687 /* Products */;
			projectDirPath = "";
			projectRoot = "";
			targets = (
				3895BB851F5D7EA5005E6687 /* NovelReader */,
			);
		};
/* End PBXProject section */

/* Begin PBXResourcesBuildPhase section */
		3895BB841F5D7EA5005E6687 /* Resources */ = {
			isa = PBXResourcesBuildPhase;
			buildActionMask = 2147483647;
			files = (
				38CA5F491F5D7F12008EB9EB /* Main.storyboard in Resources */,
				38CA5F481F5D7F12008EB9EB /* LaunchScreen.storyboard in Resources */,
				38CA5F471F5D7F12008EB9EB /* Assets.xcassets in Resources */,
				3895BB9C1F5D7EB3005E6687 /* Podfile in Resources */,
			);
			runOnlyForDeploymentPostprocessing = 0;
		};
/* End PBXResourcesBuildPhase section */

/* Begin PBXShellScriptBuildPhase section */
		6A9750E3BA5193AC51EB597E /* [CP] Copy Pods Resources */ = {
			isa = PBXShellScriptBuildPhase;
			buildActionMask = 2147483647;
			files = (
			);
			inputPaths = (
			);
			name = "[CP] Copy Pods Resources";
			outputPaths = (
			);
			runOnlyForDeploymentPostprocessing = 0;
			shellPath = /bin/sh;
			shellScript = "\"${SRCROOT}/Pods/Target Support Files/Pods-NovelReader/Pods-NovelReader-resources.sh\"\n";
			showEnvVarsInLog = 0;
		};
		9F5AA61D28C56E4B4A4575DE /* [CP] Check Pods Manifest.lock */ = {
			isa = PBXShellScriptBuildPhase;
			buildActionMask = 2147483647;
			files = (
			);
			inputPaths = (
				"${PODS_PODFILE_DIR_PATH}/Podfile.lock",
				"${PODS_ROOT}/Manifest.lock",
			);
			name = "[CP] Check Pods Manifest.lock";
			outputPaths = (
				"$(DERIVED_FILE_DIR)/Pods-NovelReader-checkManifestLockResult.txt",
			);
			runOnlyForDeploymentPostprocessing = 0;
			shellPath = /bin/sh;
			shellScript = "diff \"${PODS_PODFILE_DIR_PATH}/Podfile.lock\" \"${PODS_ROOT}/Manifest.lock\" > /dev/null\nif [ $? != 0 ] ; then\n    # print error to STDERR\n    echo \"error: The sandbox is not in sync with the Podfile.lock. Run 'pod install' or update your CocoaPods installation.\" >&2\n    exit 1\nfi\n";
			showEnvVarsInLog = 0;
		};
		D9037E5F8DAA41EEFC728E75 /* [CP] Embed Pods Frameworks */ = {
			isa = PBXShellScriptBuildPhase;
			buildActionMask = 2147483647;
			files = (
			);
			inputPaths = (
				"${SRCROOT}/Pods/Target Support Files/Pods-NovelReader/Pods-NovelReader-frameworks.sh",
				"${BUILT_PRODUCTS_DIR}/Alamofire/Alamofire.framework",
				"${BUILT_PRODUCTS_DIR}/HandyJSON/HandyJSON.framework",
				"${BUILT_PRODUCTS_DIR}/Ji/Ji.framework",
				"${BUILT_PRODUCTS_DIR}/Kingfisher/Kingfisher.framework",
				"${BUILT_PRODUCTS_DIR}/Moya/Moya.framework",
				"${BUILT_PRODUCTS_DIR}/Result/Result.framework",
				"${BUILT_PRODUCTS_DIR}/RxCocoa/RxCocoa.framework",
				"${BUILT_PRODUCTS_DIR}/RxDataSources/RxDataSources.framework",
				"${BUILT_PRODUCTS_DIR}/RxSwift/RxSwift.framework",
				"${BUILT_PRODUCTS_DIR}/Then/Then.framework",
			);
			name = "[CP] Embed Pods Frameworks";
			outputPaths = (
				"${TARGET_BUILD_DIR}/${FRAMEWORKS_FOLDER_PATH}/Alamofire.framework",
				"${TARGET_BUILD_DIR}/${FRAMEWORKS_FOLDER_PATH}/HandyJSON.framework",
				"${TARGET_BUILD_DIR}/${FRAMEWORKS_FOLDER_PATH}/Ji.framework",
				"${TARGET_BUILD_DIR}/${FRAMEWORKS_FOLDER_PATH}/Kingfisher.framework",
				"${TARGET_BUILD_DIR}/${FRAMEWORKS_FOLDER_PATH}/Moya.framework",
				"${TARGET_BUILD_DIR}/${FRAMEWORKS_FOLDER_PATH}/Result.framework",
				"${TARGET_BUILD_DIR}/${FRAMEWORKS_FOLDER_PATH}/RxCocoa.framework",
				"${TARGET_BUILD_DIR}/${FRAMEWORKS_FOLDER_PATH}/RxDataSources.framework",
				"${TARGET_BUILD_DIR}/${FRAMEWORKS_FOLDER_PATH}/RxSwift.framework",
				"${TARGET_BUILD_DIR}/${FRAMEWORKS_FOLDER_PATH}/Then.framework",
			);
			runOnlyForDeploymentPostprocessing = 0;
			shellPath = /bin/sh;
			shellScript = "\"${SRCROOT}/Pods/Target Support Files/Pods-NovelReader/Pods-NovelReader-frameworks.sh\"\n";
			showEnvVarsInLog = 0;
		};
/* End PBXShellScriptBuildPhase section */

/* Begin PBXSourcesBuildPhase section */
		3895BB821F5D7EA5005E6687 /* Sources */ = {
			isa = PBXSourcesBuildPhase;
			buildActionMask = 2147483647;
			files = (
				F295A8421F610E8700B2DC66 /* RegisterViewController.swift in Sources */,
				F2CFF1631F61208E0042BB71 /* TimeViewController.swift in Sources */,
				F295A8441F61111500B2DC66 /* RegisterViewModel.swift in Sources */,
				F29762C71F5E7D860046787B /* RoomModel.swift in Sources */,
				F258FCBE1F622D2C0030E9D0 /* TimeViewModel.swift in Sources */,
				F29762C31F5E7D570046787B /* RoomListTableViewController.swift in Sources */,
				F258FCC01F622D370030E9D0 /* ViewModelType.swift in Sources */,
				F29762C51F5E7D740046787B /* RoomListViewModel.swift in Sources */,
				38473A771F63FA8900E1A4C5 /* CaculateViewController.swift in Sources */,
				F2A077751F5E4D3F00A368AC /* NetApi.swift in Sources */,
				F295A83C1F60F85F00B2DC66 /* LoginViewController.swift in Sources */,
				38CA5F451F5D7F12008EB9EB /* AppDelegate.swift in Sources */,
				F295A8461F6112A000B2DC66 /* ValidationService.swift in Sources */,
				F2A0776B1F5E491900A368AC /* Const.swift in Sources */,
				F2A077701F5E494700A368AC /* Notification.swift in Sources */,
				F258FCC21F62418F0030E9D0 /* Protocol.swift in Sources */,
			);
			runOnlyForDeploymentPostprocessing = 0;
		};
/* End PBXSourcesBuildPhase section */

/* Begin PBXVariantGroup section */
		38CA5F411F5D7F12008EB9EB /* LaunchScreen.storyboard */ = {
			isa = PBXVariantGroup;
			children = (
				38CA5F421F5D7F12008EB9EB /* Base */,
			);
			name = LaunchScreen.storyboard;
			sourceTree = "<group>";
		};
		38CA5F431F5D7F12008EB9EB /* Main.storyboard */ = {
			isa = PBXVariantGroup;
			children = (
				38CA5F441F5D7F12008EB9EB /* Base */,
			);
			name = Main.storyboard;
			sourceTree = "<group>";
		};
/* End PBXVariantGroup section */

/* Begin XCBuildConfiguration section */
		3895BB961F5D7EA5005E6687 /* Debug */ = {
			isa = XCBuildConfiguration;
			buildSettings = {
				ALWAYS_SEARCH_USER_PATHS = NO;
				CLANG_ANALYZER_NONNULL = YES;
				CLANG_CXX_LANGUAGE_STANDARD = "gnu++0x";
				CLANG_CXX_LIBRARY = "libc++";
				CLANG_ENABLE_MODULES = YES;
				CLANG_ENABLE_OBJC_ARC = YES;
				CLANG_WARN_BOOL_CONVERSION = YES;
				CLANG_WARN_CONSTANT_CONVERSION = YES;
				CLANG_WARN_DIRECT_OBJC_ISA_USAGE = YES_ERROR;
				CLANG_WARN_DOCUMENTATION_COMMENTS = YES;
				CLANG_WARN_EMPTY_BODY = YES;
				CLANG_WARN_ENUM_CONVERSION = YES;
				CLANG_WARN_INFINITE_RECURSION = YES;
				CLANG_WARN_INT_CONVERSION = YES;
				CLANG_WARN_OBJC_ROOT_CLASS = YES_ERROR;
				CLANG_WARN_SUSPICIOUS_MOVE = YES;
				CLANG_WARN_SUSPICIOUS_MOVES = YES;
				CLANG_WARN_UNREACHABLE_CODE = YES;
				CLANG_WARN__DUPLICATE_METHOD_MATCH = YES;
				"CODE_SIGN_IDENTITY[sdk=iphoneos*]" = "iPhone Developer";
				COPY_PHASE_STRIP = NO;
				DEBUG_INFORMATION_FORMAT = dwarf;
				ENABLE_STRICT_OBJC_MSGSEND = YES;
				ENABLE_TESTABILITY = YES;
				GCC_C_LANGUAGE_STANDARD = gnu99;
				GCC_DYNAMIC_NO_PIC = NO;
				GCC_NO_COMMON_BLOCKS = YES;
				GCC_OPTIMIZATION_LEVEL = 0;
				GCC_PREPROCESSOR_DEFINITIONS = (
					"DEBUG=1",
					"$(inherited)",
				);
				GCC_WARN_64_TO_32_BIT_CONVERSION = YES;
				GCC_WARN_ABOUT_RETURN_TYPE = YES_ERROR;
				GCC_WARN_UNDECLARED_SELECTOR = YES;
				GCC_WARN_UNINITIALIZED_AUTOS = YES_AGGRESSIVE;
				GCC_WARN_UNUSED_FUNCTION = YES;
				GCC_WARN_UNUSED_VARIABLE = YES;
				IPHONEOS_DEPLOYMENT_TARGET = 10.1;
				MTL_ENABLE_DEBUG_INFO = YES;
				ONLY_ACTIVE_ARCH = YES;
				SDKROOT = iphoneos;
				SWIFT_ACTIVE_COMPILATION_CONDITIONS = DEBUG;
				SWIFT_OPTIMIZATION_LEVEL = "-Onone";
			};
			name = Debug;
		};
		3895BB971F5D7EA5005E6687 /* Release */ = {
			isa = XCBuildConfiguration;
			buildSettings = {
				ALWAYS_SEARCH_USER_PATHS = NO;
				CLANG_ANALYZER_NONNULL = YES;
				CLANG_CXX_LANGUAGE_STANDARD = "gnu++0x";
				CLANG_CXX_LIBRARY = "libc++";
				CLANG_ENABLE_MODULES = YES;
				CLANG_ENABLE_OBJC_ARC = YES;
				CLANG_WARN_BOOL_CONVERSION = YES;
				CLANG_WARN_CONSTANT_CONVERSION = YES;
				CLANG_WARN_DIRECT_OBJC_ISA_USAGE = YES_ERROR;
				CLANG_WARN_DOCUMENTATION_COMMENTS = YES;
				CLANG_WARN_EMPTY_BODY = YES;
				CLANG_WARN_ENUM_CONVERSION = YES;
				CLANG_WARN_INFINITE_RECURSION = YES;
				CLANG_WARN_INT_CONVERSION = YES;
				CLANG_WARN_OBJC_ROOT_CLASS = YES_ERROR;
				CLANG_WARN_SUSPICIOUS_MOVE = YES;
				CLANG_WARN_SUSPICIOUS_MOVES = YES;
				CLANG_WARN_UNREACHABLE_CODE = YES;
				CLANG_WARN__DUPLICATE_METHOD_MATCH = YES;
				"CODE_SIGN_IDENTITY[sdk=iphoneos*]" = "iPhone Developer";
				COPY_PHASE_STRIP = NO;
				DEBUG_INFORMATION_FORMAT = "dwarf-with-dsym";
				ENABLE_NS_ASSERTIONS = NO;
				ENABLE_STRICT_OBJC_MSGSEND = YES;
				GCC_C_LANGUAGE_STANDARD = gnu99;
				GCC_NO_COMMON_BLOCKS = YES;
				GCC_WARN_64_TO_32_BIT_CONVERSION = YES;
				GCC_WARN_ABOUT_RETURN_TYPE = YES_ERROR;
				GCC_WARN_UNDECLARED_SELECTOR = YES;
				GCC_WARN_UNINITIALIZED_AUTOS = YES_AGGRESSIVE;
				GCC_WARN_UNUSED_FUNCTION = YES;
				GCC_WARN_UNUSED_VARIABLE = YES;
				IPHONEOS_DEPLOYMENT_TARGET = 10.1;
				MTL_ENABLE_DEBUG_INFO = NO;
				SDKROOT = iphoneos;
				SWIFT_OPTIMIZATION_LEVEL = "-Owholemodule";
				VALIDATE_PRODUCT = YES;
			};
			name = Release;
		};
		3895BB991F5D7EA5005E6687 /* Debug */ = {
			isa = XCBuildConfiguration;
			baseConfigurationReference = 9283EDBB36AA7F5DBE2D900D /* Pods-NovelReader.debug.xcconfig */;
			buildSettings = {
				ASSETCATALOG_COMPILER_APPICON_NAME = AppIcon;
				CLANG_ENABLE_MODULES = YES;
				DEVELOPMENT_TEAM = 2DEDNW2H7U;
				INFOPLIST_FILE = "NovelReader/Common(全局)/Entrance(入口)/Info.plist";
				LD_RUNPATH_SEARCH_PATHS = "$(inherited) @executable_path/Frameworks";
				PRODUCT_BUNDLE_IDENTIFIER = Zj.NovelReader;
				PRODUCT_NAME = "$(TARGET_NAME)";
				SWIFT_OBJC_BRIDGING_HEADER = "NovelReader/Common(全局)/Config(配置)/NovelReader-Bridging-Header.h";
				SWIFT_OPTIMIZATION_LEVEL = "-Onone";
				SWIFT_VERSION = 3.0;
			};
			name = Debug;
		};
		3895BB9A1F5D7EA5005E6687 /* Release */ = {
			isa = XCBuildConfiguration;
			baseConfigurationReference = FC1549D0387815F91FCE672A /* Pods-NovelReader.release.xcconfig */;
			buildSettings = {
				ASSETCATALOG_COMPILER_APPICON_NAME = AppIcon;
				CLANG_ENABLE_MODULES = YES;
				DEVELOPMENT_TEAM = 2DEDNW2H7U;
				INFOPLIST_FILE = "NovelReader/Common(全局)/Entrance(入口)/Info.plist";
				LD_RUNPATH_SEARCH_PATHS = "$(inherited) @executable_path/Frameworks";
				PRODUCT_BUNDLE_IDENTIFIER = Zj.NovelReader;
				PRODUCT_NAME = "$(TARGET_NAME)";
				SWIFT_OBJC_BRIDGING_HEADER = "NovelReader/Common(全局)/Config(配置)/NovelReader-Bridging-Header.h";
				SWIFT_VERSION = 3.0;
			};
			name = Release;
		};
/* End XCBuildConfiguration section */

/* Begin XCConfigurationList section */
		3895BB811F5D7EA5005E6687 /* Build configuration list for PBXProject "NovelReader" */ = {
			isa = XCConfigurationList;
			buildConfigurations = (
				3895BB961F5D7EA5005E6687 /* Debug */,
				3895BB971F5D7EA5005E6687 /* Release */,
			);
			defaultConfigurationIsVisible = 0;
			defaultConfigurationName = Release;
		};
		3895BB981F5D7EA5005E6687 /* Build configuration list for PBXNativeTarget "NovelReader" */ = {
			isa = XCConfigurationList;
			buildConfigurations = (
				3895BB991F5D7EA5005E6687 /* Debug */,
				3895BB9A1F5D7EA5005E6687 /* Release */,
			);
			defaultConfigurationIsVisible = 0;
			defaultConfigurationName = Release;
		};
/* End XCConfigurationList section */
	};
	rootObject = 3895BB7E1F5D7EA5005E6687 /* Project object */;
}
